
Microsoft Visual Studio Solution File, Format Version 12.00
# Visual Studio Version 16
VisualStudioVersion = 16.0.808.6
MinimumVisualStudioVersion = 10.0.40219.1
Project("{FAE04EC0-301F-11D3-BF4B-00C04F79EFBC}") = "Entites", "Entites\Entites.csproj", "{7EA729D9-4413-4A1B-B3B4-106EE2CA1A32}"
EndProject
Project("{FAE04EC0-301F-11D3-BF4B-00C04F79EFBC}") = "DataAccess", "DataAccess\DataAccess.csproj", "{98814A24-7767-465C-BBA1-49E4D70813E1}"
EndProject
Project("{FAE04EC0-301F-11D3-BF4B-00C04F79EFBC}") = "Business", "Business\Business.csproj", "{DF128C90-8B5E-48A1-8BFE-5C191CCDBD3E}"
EndProject
Project("{FAE04EC0-301F-11D3-BF4B-00C04F79EFBC}") = "ConsoleUI", "ConsoleUI\ConsoleUI.csproj", "{C66EA2A8-6D1B-477B-A7B5-51AC804A9724}"
EndProject
Project("{FAE04EC0-301F-11D3-BF4B-00C04F79EFBC}") = "Core", "Core\Core.csproj", "{F71576C7-51A5-4496-9AFB-43F9D8A26D1C}"
EndProject
Global
	GlobalSection(SolutionConfigurationPlatforms) = preSolution
		Debug|Any CPU = Debug|Any CPU
		Release|Any CPU = Release|Any CPU
	EndGlobalSection
	GlobalSection(ProjectConfigurationPlatforms) = postSolution
		{7EA729D9-4413-4A1B-B3B4-106EE2CA1A32}.Debug|Any CPU.ActiveCfg = Debug|Any CPU
		{7EA729D9-4413-4A1B-B3B4-106EE2CA1A32}.Debug|Any CPU.Build.0 = Debug|Any CPU
		{7EA729D9-4413-4A1B-B3B4-106EE2CA1A32}.Release|Any CPU.ActiveCfg = Release|Any CPU
		{7EA729D9-4413-4A1B-B3B4-106EE2CA1A32}.Release|Any CPU.Build.0 = Release|Any CPU
		{98814A24-7767-465C-BBA1-49E4D70813E1}.Debug|Any CPU.ActiveCfg = Debug|Any CPU
		{98814A24-7767-465C-BBA1-49E4D70813E1}.Debug|Any CPU.Build.0 = Debug|Any CPU
		{98814A24-7767-465C-BBA1-49E4D70813E1}.Release|Any CPU.ActiveCfg = Release|Any CPU
		{98814A24-7767-465C-BBA1-49E4D70813E1}.Release|Any CPU.Build.0 = Release|Any CPU
		{DF128C90-8B5E-48A1-8BFE-5C191CCDBD3E}.Debug|Any CPU.ActiveCfg = Debug|Any CPU
		{DF128C90-8B5E-48A1-8BFE-5C191CCDBD3E}.Debug|Any CPU.Build.0 = Debug|Any CPU
		{DF128C90-8B5E-48A1-8BFE-5C191CCDBD3E}.Release|Any CPU.ActiveCfg = Release|Any CPU
		{DF128C90-8B5E-48A1-8BFE-5C191CCDBD3E}.Release|Any CPU.Build.0 = Release|Any CPU
		{C66EA2A8-6D1B-477B-A7B5-51AC804A9724}.Debug|Any CPU.ActiveCfg = Debug|Any CPU
		{C66EA2A8-6D1B-477B-A7B5-51AC804A9724}.Debug|Any CPU.Build.0 = Debug|Any CPU
		{C66EA2A8-6D1B-477B-A7B5-51AC804A9724}.Release|Any CPU.ActiveCfg = Release|Any CPU
		{C66EA2A8-6D1B-477B-A7B5-51AC804A9724}.Release|Any CPU.Build.0 = Release|Any CPU
		{F71576C7-51A5-4496-9AFB-43F9D8A26D1C}.Debug|Any CPU.ActiveCfg = Debug|Any CPU
		{F71576C7-51A5-4496-9AFB-43F9D8A26D1C}.Debug|Any CPU.Build.0 = Debug|Any CPU
		{F71576C7-51A5-4496-9AFB-43F9D8A26D1C}.Release|Any CPU.ActiveCfg = Release|Any CPU
		{F71576C7-51A5-4496-9AFB-43F9D8A26D1C}.Release|Any CPU.Build.0 = Release|Any CPU
	EndGlobalSection
	GlobalSection(SolutionProperties) = preSolution
		HideSolutionNode = FALSE
	EndGlobalSection
	GlobalSection(ExtensibilityGlobals) = postSolution
		SolutionGuid = {140628C9-F89D-4069-BF90-3BB0AB927045}
	EndGlobalSection
EndGlobal
